
Microsoft Visual Studio Solution File, Format Version 12.00
# Visual Studio 15
Project("{FAE04EC0-301F-11D3-BF4B-00C04F79EFBC}") = "Laboratorio6", "Laboratorio6.csproj", "{B8647322-8625-4F5E-A7A7-754C89930125}"
EndProject
Global
	GlobalSection(SolutionConfigurationPlatforms) = preSolution
		Debug|anycpu = Debug|anycpu
		Release|anycpu = Release|anycpu
	EndGlobalSection
	GlobalSection(ProjectConfigurationPlatforms) = postSolution
		{B8647322-8625-4F5E-A7A7-754C89930125}.Debug|anycpu.ActiveCfg = Debug|anycpu
		{B8647322-8625-4F5E-A7A7-754C89930125}.Debug|anycpu.Build.0 = Debug|anycpu
		{B8647322-8625-4F5E-A7A7-754C89930125}.Release|anycpu.ActiveCfg = Release|anycpu
		{B8647322-8625-4F5E-A7A7-754C89930125}.Release|anycpu.Build.0 = Release|anycpu
	EndGlobalSection
EndGlobal
